
Microsoft Visual Studio Solution File, Format Version 12.00
# Visual Studio Version 16
VisualStudioVersion = 16.0.29201.188
MinimumVisualStudioVersion = 10.0.40219.1
Project("{FAE04EC0-301F-11D3-BF4B-00C04F79EFBC}") = "MiBlockNotas-G4-2020-I", "MiBlockNotas-G4-2020-I\MiBlockNotas-G4-2020-I.csproj", "{3D9648DD-9AD5-4C02-871C-A1B5BD5EACEE}"
EndProject
Global
	GlobalSection(SolutionConfigurationPlatforms) = preSolution
		Debug|Any CPU = Debug|Any CPU
		Release|Any CPU = Release|Any CPU
	EndGlobalSection
	GlobalSection(ProjectConfigurationPlatforms) = postSolution
		{3D9648DD-9AD5-4C02-871C-A1B5BD5EACEE}.Debug|Any CPU.ActiveCfg = Debug|Any CPU
		{3D9648DD-9AD5-4C02-871C-A1B5BD5EACEE}.Debug|Any CPU.Build.0 = Debug|Any CPU
		{3D9648DD-9AD5-4C02-871C-A1B5BD5EACEE}.Release|Any CPU.ActiveCfg = Release|Any CPU
		{3D9648DD-9AD5-4C02-871C-A1B5BD5EACEE}.Release|Any CPU.Build.0 = Release|Any CPU
	EndGlobalSection
	GlobalSection(SolutionProperties) = preSolution
		HideSolutionNode = FALSE
	EndGlobalSection
	GlobalSection(ExtensibilityGlobals) = postSolution
		SolutionGuid = {C0A1393E-5D60-47DA-8879-3A5732211CA8}
	EndGlobalSection
EndGlobal
